github.com/frankban/quicktest v1.14.6 h1:7Xjx+VpznH+oBnejlPUj8oUpdxnVs4f8XU8WnHkI4W8=
github.com/frankban/quicktest v1.14.6/go.mod h1:4ptaffx2x8+WTWXmUCuVU6aPUX1/Mz7zb5vbUoiM6w0=
github.com/go-errors/errors v1.5.1 h1:ZwEMSLRCapFLflTpT7NKaAc7ukJ8ZPEjzlxt8rPN8bk=
github.com/go-errors/errors v1.5.1/go.mod h1:sIVyrIiJhuEF+Pj9Ebtd6P/rEYROXFi3BopGUQ5a5Og=
github.com/go-zoox/chalk v1.0.2 h1:DCWft37fogmvqF37JdbGSLg28L/tQeA8u0lMvb62KOg=
github.com/go-zoox/chalk v1.0.2/go.mod h1:z5+qvE9nEJI5uT4px2tyoFa/xxkqf3CUo22KmXLKbNI=
github.com/go-zoox/core-utils v1.4.11 h1:FmREHJqOsKvLcsG6EuEWigXPG7F7PLN6kWwt9BD7OHM=
github.com/go-zoox/core-utils v1.4.11/go.mod h1:raOOwr2l2sJQyjR0Dg33sg0ry4U1/L2eNTuLFRpUXWs=
github.com/go-zoox/datetime v1.3.1 h1:HFyVtfgyLXwfJsLl0EjhaWTKt9s0QxTonb7s0JtJmVg=
github.com/go-zoox/datetime v1.3.1/go.mod h1:qvaCrzjhq/g/gstx4sx06Nl4ll2pLSrkRa9ueLjrZ9A=
github.com/go-zoox/errors v1.0.2 h1:1NLMoEVlDU1+qrvvPj+rrJXOvQPdeZ3DekVBFrI5PFY=
github.com/go-zoox/errors v1.0.2/go.mod h1:HJ5NKQb9cu3IbI0Jayw7xZiblLBEIglpaIOMxvQnWnk=
github.com/go-zoox/logger v1.5.1 h1:mAACnHGxSD27bAw/xjkJp7PLlTGBkSBRQPFoEWXe+EM=
github.com/go-zoox/logger v1.5.1/go.mod h1:o7ddvv/gMoMa0TomPhHoIz11ZWRbQ92pF6rwYbOY3iQ=
github.com/go-zoox/safe v1.2.0 h1:KSX5XVRQ2431PjoAuHW25bgDsMgKl0q6g8G7ko7DUu8=
github.com/go-zoox/safe v1.2.0/go.mod h1:g2RrkP7Cg1w80LTkvaI3PiVqc2pSEPLlsjI0+ViS/TA=
github.com/go-zoox/testify v1.0.2 h1:G5sQ3xm0uwCuytnMhgnqZ5BItCt2DN3n2wLBqlIJEWA=
github.com/go-zoox/testify v1.0.2/go.mod h1:L35iVL6xDKDL/TQOTRWyNL4H4nm8bzs6nde5XA7PYnY=
github.com/google/go-cmp v0.5.9 h1:O2Tfq5qg4qc4AmwVlvv0oLiVAGB7enBSJ2x2DqQFi38=
github.com/google/go-cmp v0.5.9/go.mod h1:17dUlkBOakJ0+DkrSSNjCkIjxS6bF9zb3elmeNGIjoY=
github.com/kr/pretty v0.3.1 h1:flRD4NNwYAUpkphVc1HcthR4KEIFJ65n8Mw5qdRn3LE=
github.com/kr/pretty v0.3.1/go.mod h1:hoEshYVHaxMs3cyo3Yncou5ZscifuDolrwPKZanG3xk=
github.com/kr/text v0.2.0 h1:5Nx0Ya0ZqY2ygV366QzturHI13Jq95ApcVaJBhpS+AY=
github.com/kr/text v0.2.0/go.mod h1:eLer722TekiGuMkidMxC/pM04lWEeraHUUmBw8l2grE=
github.com/robfig/cron/v3 v3.0.1 h1:WdRxkvbJztn8LMz/QEvLN5sBU+xKpSqwwUO1Pjr4qDs=
github.com/robfig/cron/v3 v3.0.1/go.mod h1:eQICP3HwyT7UooqI/z+Ov+PtYAWygg1TEWWzGIFLtro=
github.com/rogpeppe/go-internal v1.9.0 h1:73kH8U+JUqXU8lRuOHeVHaa/SZPifC7BkcraZVejAe8=
github.com/rogpeppe/go-internal v1.9.0/go.mod h1:WtVeX8xhTBvf0smdhujwtBcq4Qrzq/fJaraNFVN+nFs=
github.com/spf13/cast v1.7.0 h1:ntdiHjuueXFgm5nzDRdOS4yfT43P5Fnud6DH50rz/7w=
github.com/spf13/cast v1.7.0/go.mod h1:ancEpBxwJDODSW/UG4rDrAqiKolqNNh2DX3mk86cAdo=
github.com/ttacon/chalk v0.0.0-20160626202418-22c06c80ed31 h1:OXcKh35JaYsGMRzpvFkLv/MEyPuL49CThT1pZ8aSml4=
github.com/ttacon/chalk v0.0.0-20160626202418-22c06c80ed31/go.mod h1:onvgF043R+lC5RZ8IT9rBXDaEDnpnw/Cl+HFiw+v/7Q=
